
Microsoft Visual Studio Solution File, Format Version 12.00
# Visual Studio Version 17
VisualStudioVersion = 17.11.35312.102
MinimumVisualStudioVersion = 10.0.40219.1
Project("{9A19103F-16F7-4668-BE54-9A1E7A4F7556}") = "UmbracoProject2", "UmbracoProject2\UmbracoProject2.csproj", "{D5536901-1D35-4423-95DA-F04ADD316900}"
EndProject
Global
	GlobalSection(SolutionConfigurationPlatforms) = preSolution
		Debug|Any CPU = Debug|Any CPU
		Release|Any CPU = Release|Any CPU
	EndGlobalSection
	GlobalSection(ProjectConfigurationPlatforms) = postSolution
		{D5536901-1D35-4423-95DA-F04ADD316900}.Debug|Any CPU.ActiveCfg = Debug|Any CPU
		{D5536901-1D35-4423-95DA-F04ADD316900}.Debug|Any CPU.Build.0 = Debug|Any CPU
		{D5536901-1D35-4423-95DA-F04ADD316900}.Release|Any CPU.ActiveCfg = Release|Any CPU
		{D5536901-1D35-4423-95DA-F04ADD316900}.Release|Any CPU.Build.0 = Release|Any CPU
	EndGlobalSection
	GlobalSection(SolutionProperties) = preSolution
		HideSolutionNode = FALSE
	EndGlobalSection
	GlobalSection(ExtensibilityGlobals) = postSolution
		SolutionGuid = {F5E5F6D2-EFB6-4B48-B892-E6C1810F9128}
	EndGlobalSection
EndGlobal
